
Microsoft Visual Studio Solution File, Format Version 12.00
# Visual Studio Version 17
VisualStudioVersion = 17.10.35122.118
MinimumVisualStudioVersion = 10.0.40219.1
Project("{FAE04EC0-301F-11D3-BF4B-00C04F79EFBC}") = "PRTracker", "PRTracker\PRTracker.csproj", "{9F097792-D285-4F88-A98B-B27D9C001F6D}"
EndProject
Global
	GlobalSection(SolutionConfigurationPlatforms) = preSolution
		Debug|Any CPU = Debug|Any CPU
		Release|Any CPU = Release|Any CPU
	EndGlobalSection
	GlobalSection(ProjectConfigurationPlatforms) = postSolution
		{9F097792-D285-4F88-A98B-B27D9C001F6D}.Debug|Any CPU.ActiveCfg = Debug|Any CPU
		{9F097792-D285-4F88-A98B-B27D9C001F6D}.Debug|Any CPU.Build.0 = Debug|Any CPU
		{9F097792-D285-4F88-A98B-B27D9C001F6D}.Release|Any CPU.ActiveCfg = Release|Any CPU
		{9F097792-D285-4F88-A98B-B27D9C001F6D}.Release|Any CPU.Build.0 = Release|Any CPU
	EndGlobalSection
	GlobalSection(SolutionProperties) = preSolution
		HideSolutionNode = FALSE
	EndGlobalSection
	GlobalSection(ExtensibilityGlobals) = postSolution
		SolutionGuid = {405596CE-EF7E-41D3-8ACB-2D995BC65761}
	EndGlobalSection
EndGlobal
